{
  "version": 4,
  "terraform_version": "1.14.9",
  "serial": 52,
  "lineage": "a4d40579-f9ec-3913-6d21-fb0cb314a198",
  "outputs": {
    "dead_letter_topic": {
      "value": "abdikani-orders-dead-letter",
      "type": "string"
    },
    "function_name": {
      "value": "abdikani-process-order",
      "type": "string"
    },
    "topic_name": {
      "value": "abdikani-orders",
      "type": "string"
    }
  },
  "resources": [
    {
      "mode": "data",
      "type": "archive_file",
      "name": "function_zip",
      "provider": "provider[\"registry.terraform.io/hashicorp/archive\"]",
      "instances": [
        {
          "schema_version": 0,
          "attributes": {
            "exclude_symlink_directories": null,
            "excludes": null,
            "id": "445e6aade71db14127459b2b99df9edd6eabd14a",
            "output_base64sha256": "ukmy4Hs/nr0VAY2hielbpw+a8aXgOn/AyILhPdeFv1g=",
            "output_base64sha512": "/S7ORamZyvtUhLouP2+jN2cxd9KCsBHtv8w0WIIWiixO1O3MoDmDUKBDfHUnldk9Ls7wovojYeD3eGLMT3GPig==",
            "output_file_mode": null,
            "output_md5": "68d84163971007c92e7663a9c104c8a6",
            "output_path": "/tmp/function.zip",
            "output_sha": "445e6aade71db14127459b2b99df9edd6eabd14a",
            "output_sha256": "ba49b2e07b3f9ebd15018da189e95ba70f9af1a5e03a7fc0c882e13dd785bf58",
            "output_sha512": "fd2ece45a999cafb5484ba2e3f6fa337673177d282b011edbfcc345882168a2c4ed4edcca0398350a0437c752795d93d2ecef0a2fa2361e0f77862cc4f718f8a",
            "output_size": 3857,
            "source": [],
            "source_content": null,
            "source_content_filename": null,
            "source_dir": "../function",
            "source_file": null,
            "type": "zip"
          },
          "sensitive_attributes": [],
          "identity_schema_version": 0
        }
      ]
    },
    {
      "mode": "data",
      "type": "google_project",
      "name": "project",
      "provider": "provider[\"registry.terraform.io/hashicorp/google\"]",
      "instances": [
        {
          "schema_version": 0,
          "attributes": {
            "auto_create_network": null,
            "billing_account": "0197D8-9DDEF5-690D0B",
            "deletion_policy": "DELETE",
            "effective_labels": {},
            "folder_id": "",
            "id": "projects/total-pillar-495011-r7",
            "labels": {},
            "name": "My Project 55894",
            "number": "969309233570",
            "org_id": "186177161408",
            "project_id": "total-pillar-495011-r7",
            "skip_delete": null,
            "terraform_labels": {}
          },
          "sensitive_attributes": [],
          "identity_schema_version": 0
        }
      ]
    },
    {
      "mode": "managed",
      "type": "google_cloud_run_service_iam_member",
      "name": "invoker",
      "provider": "provider[\"registry.terraform.io/hashicorp/google\"]",
      "instances": [
        {
          "schema_version": 0,
          "attributes": {
            "condition": [],
            "etag": "BwZRH+4ks7w=",
            "id": "v1/projects/total-pillar-495011-r7/locations/us-central1/services/abdikani-process-order/roles/run.invoker/serviceAccount:service-969309233570@gcp-sa-pubsub.iam.gserviceaccount.com",
            "location": "us-central1",
            "member": "serviceAccount:service-969309233570@gcp-sa-pubsub.iam.gserviceaccount.com",
            "project": "total-pillar-495011-r7",
            "role": "roles/run.invoker",
            "service": "v1/projects/total-pillar-495011-r7/locations/us-central1/services/abdikani-process-order"
          },
          "sensitive_attributes": [],
          "identity_schema_version": 0,
          "private": "bnVsbA==",
          "dependencies": [
            "data.archive_file.function_zip",
            "data.google_project.project",
            "google_cloudfunctions2_function.process_order",
            "google_pubsub_topic.orders",
            "google_storage_bucket.functions",
            "google_storage_bucket_object.function_zip"
          ]
        }
      ]
    },
    {
      "mode": "managed",
      "type": "google_cloudfunctions2_function",
      "name": "process_order",
      "provider": "provider[\"registry.terraform.io/hashicorp/google\"]",
      "instances": [
        {
          "schema_version": 0,
          "attributes": {
            "build_config": [
              {
                "automatic_update_policy": [
                  {}
                ],
                "build": "projects/969309233570/locations/us-central1/builds/5c8ba776-71ca-47a8-8f11-12ef09a87d1a",
                "docker_repository": "projects/total-pillar-495011-r7/locations/us-central1/repositories/gcf-artifacts",
                "entry_point": "process_order",
                "environment_variables": {},
                "on_deploy_update_policy": [],
                "runtime": "python311",
                "service_account": "projects/total-pillar-495011-r7/serviceAccounts/969309233570-compute@developer.gserviceaccount.com",
                "source": [
                  {
                    "repo_source": [],
                    "storage_source": [
                      {
                        "bucket": "total-pillar-495011-r7-functions",
                        "generation": 1778047382095684,
                        "object": "function-68d84163971007c92e7663a9c104c8a6.zip"
                      }
                    ]
                  }
                ],
                "worker_pool": ""
              }
            ],
            "description": "",
            "effective_labels": {},
            "environment": "GEN_2",
            "event_trigger": [
              {
                "event_filters": [],
                "event_type": "google.cloud.pubsub.topic.v1.messagePublished",
                "pubsub_topic": "projects/total-pillar-495011-r7/topics/abdikani-orders",
                "retry_policy": "RETRY_POLICY_RETRY",
                "service_account_email": "969309233570-compute@developer.gserviceaccount.com",
                "trigger": "projects/total-pillar-495011-r7/locations/us-central1/triggers/abdikani-process-order-896442",
                "trigger_region": "us-central1"
              }
            ],
            "id": "projects/total-pillar-495011-r7/locations/us-central1/functions/abdikani-process-order",
            "kms_key_name": "",
            "labels": null,
            "location": "us-central1",
            "name": "abdikani-process-order",
            "project": "total-pillar-495011-r7",
            "service_config": [
              {
                "all_traffic_on_latest_revision": true,
                "available_cpu": "0.1666",
                "available_memory": "256M",
                "environment_variables": {
                  "LOG_EXECUTION_ID": "true"
                },
                "gcf_uri": "",
                "ingress_settings": "ALLOW_ALL",
                "max_instance_count": 10,
                "max_instance_request_concurrency": 1,
                "min_instance_count": 0,
                "secret_environment_variables": [],
                "secret_volumes": [],
                "service": "projects/total-pillar-495011-r7/locations/us-central1/services/abdikani-process-order",
                "service_account_email": "969309233570-compute@developer.gserviceaccount.com",
                "timeout_seconds": 60,
                "uri": "https://abdikani-process-order-7shmvvnugq-uc.a.run.app",
                "vpc_connector": "",
                "vpc_connector_egress_settings": ""
              }
            ],
            "state": "ACTIVE",
            "terraform_labels": {},
            "timeouts": null,
            "update_time": "2026-05-06T06:03:51.083376683Z",
            "url": "https://us-central1-total-pillar-495011-r7.cloudfunctions.net/abdikani-process-order"
          },
          "sensitive_attributes": [],
          "identity_schema_version": 0,
          "private": "eyJlMmJmYjczMC1lY2FhLTExZTYtOGY4OC0zNDM2M2JjN2M0YzAiOnsiY3JlYXRlIjozNjAwMDAwMDAwMDAwLCJkZWxldGUiOjM2MDAwMDAwMDAwMDAsInVwZGF0ZSI6MzYwMDAwMDAwMDAwMH19",
          "dependencies": [
            "data.archive_file.function_zip",
            "google_pubsub_topic.orders",
            "google_storage_bucket.functions",
            "google_storage_bucket_object.function_zip"
          ]
        }
      ]
    },
    {
      "mode": "managed",
      "type": "google_pubsub_subscription",
      "name": "orders_sub",
      "provider": "provider[\"registry.terraform.io/hashicorp/google\"]",
      "instances": [
        {
          "schema_version": 0,
          "attributes": {
            "ack_deadline_seconds": 60,
            "bigquery_config": [],
            "cloud_storage_config": [],
            "dead_letter_policy": [
              {
                "dead_letter_topic": "projects/total-pillar-495011-r7/topics/abdikani-orders-dead-letter",
                "max_delivery_attempts": 5
              }
            ],
            "effective_labels": {},
            "enable_exactly_once_delivery": false,
            "enable_message_ordering": false,
            "expiration_policy": [
              {
                "ttl": "2678400s"
              }
            ],
            "filter": "",
            "id": "projects/total-pillar-495011-r7/subscriptions/abdikani-orders-sub",
            "labels": null,
            "message_retention_duration": "604800s",
            "name": "abdikani-orders-sub",
            "project": "total-pillar-495011-r7",
            "push_config": [],
            "retain_acked_messages": false,
            "retry_policy": [
              {
                "maximum_backoff": "300s",
                "minimum_backoff": "10s"
              }
            ],
            "terraform_labels": {},
            "timeouts": null,
            "topic": "projects/total-pillar-495011-r7/topics/abdikani-orders"
          },
          "sensitive_attributes": [],
          "identity_schema_version": 0,
          "private": "eyJlMmJmYjczMC1lY2FhLTExZTYtOGY4OC0zNDM2M2JjN2M0YzAiOnsiY3JlYXRlIjoxMjAwMDAwMDAwMDAwLCJkZWxldGUiOjEyMDAwMDAwMDAwMDAsInVwZGF0ZSI6MTIwMDAwMDAwMDAwMH19",
          "dependencies": [
            "google_pubsub_topic.orders",
            "google_pubsub_topic.orders_dead_letter"
          ]
        }
      ]
    },
    {
      "mode": "managed",
      "type": "google_pubsub_topic",
      "name": "orders",
      "provider": "provider[\"registry.terraform.io/hashicorp/google\"]",
      "instances": [
        {
          "schema_version": 0,
          "attributes": {
            "effective_labels": {},
            "id": "projects/total-pillar-495011-r7/topics/abdikani-orders",
            "ingestion_data_source_settings": [],
            "kms_key_name": "",
            "labels": null,
            "message_retention_duration": "86400s",
            "message_storage_policy": [],
            "name": "abdikani-orders",
            "project": "total-pillar-495011-r7",
            "schema_settings": [],
            "terraform_labels": {},
            "timeouts": null
          },
          "sensitive_attributes": [],
          "identity_schema_version": 0,
          "private": "eyJlMmJmYjczMC1lY2FhLTExZTYtOGY4OC0zNDM2M2JjN2M0YzAiOnsiY3JlYXRlIjoxMjAwMDAwMDAwMDAwLCJkZWxldGUiOjEyMDAwMDAwMDAwMDAsInVwZGF0ZSI6MTIwMDAwMDAwMDAwMH19"
        }
      ]
    },
    {
      "mode": "managed",
      "type": "google_pubsub_topic",
      "name": "orders_dead_letter",
      "provider": "provider[\"registry.terraform.io/hashicorp/google\"]",
      "instances": [
        {
          "schema_version": 0,
          "attributes": {
            "effective_labels": {},
            "id": "projects/total-pillar-495011-r7/topics/abdikani-orders-dead-letter",
            "ingestion_data_source_settings": [],
            "kms_key_name": "",
            "labels": null,
            "message_retention_duration": "",
            "message_storage_policy": [],
            "name": "abdikani-orders-dead-letter",
            "project": "total-pillar-495011-r7",
            "schema_settings": [],
            "terraform_labels": {},
            "timeouts": null
          },
          "sensitive_attributes": [],
          "identity_schema_version": 0,
          "private": "eyJlMmJmYjczMC1lY2FhLTExZTYtOGY4OC0zNDM2M2JjN2M0YzAiOnsiY3JlYXRlIjoxMjAwMDAwMDAwMDAwLCJkZWxldGUiOjEyMDAwMDAwMDAwMDAsInVwZGF0ZSI6MTIwMDAwMDAwMDAwMH19"
        }
      ]
    },
    {
      "mode": "managed",
      "type": "google_storage_bucket",
      "name": "functions",
      "provider": "provider[\"registry.terraform.io/hashicorp/google\"]",
      "instances": [
        {
          "schema_version": 2,
          "attributes": {
            "autoclass": [],
            "cors": [],
            "custom_placement_config": [],
            "default_event_based_hold": false,
            "effective_labels": {},
            "enable_object_retention": false,
            "encryption": [],
            "force_destroy": true,
            "id": "total-pillar-495011-r7-functions",
            "labels": null,
            "lifecycle_rule": [],
            "location": "US-CENTRAL1",
            "logging": [],
            "name": "total-pillar-495011-r7-functions",
            "project": "total-pillar-495011-r7",
            "project_number": 969309233570,
            "public_access_prevention": "inherited",
            "requester_pays": false,
            "retention_policy": [],
            "rpo": null,
            "self_link": "https://www.googleapis.com/storage/v1/b/total-pillar-495011-r7-functions",
            "soft_delete_policy": [
              {
                "effective_time": "2026-05-06T06:02:36.753Z",
                "retention_duration_seconds": 604800
              }
            ],
            "storage_class": "STANDARD",
            "terraform_labels": {},
            "timeouts": null,
            "uniform_bucket_level_access": true,
            "url": "gs://total-pillar-495011-r7-functions",
            "versioning": [],
            "website": []
          },
          "sensitive_attributes": [],
          "identity_schema_version": 0,
          "private": "eyJlMmJmYjczMC1lY2FhLTExZTYtOGY4OC0zNDM2M2JjN2M0YzAiOnsiY3JlYXRlIjo2MDAwMDAwMDAwMDAsInJlYWQiOjI0MDAwMDAwMDAwMCwidXBkYXRlIjoyNDAwMDAwMDAwMDB9LCJzY2hlbWFfdmVyc2lvbiI6IjIifQ=="
        }
      ]
    },
    {
      "mode": "managed",
      "type": "google_storage_bucket_object",
      "name": "function_zip",
      "provider": "provider[\"registry.terraform.io/hashicorp/google\"]",
      "instances": [
        {
          "schema_version": 0,
          "attributes": {
            "bucket": "total-pillar-495011-r7-functions",
            "cache_control": "",
            "content": null,
            "content_disposition": "",
            "content_encoding": "",
            "content_language": "",
            "content_type": "application/zip",
            "crc32c": "iQHl8g==",
            "customer_encryption": [],
            "detect_md5hash": "aNhBY5cQB8kudmOpwQTIpg==",
            "event_based_hold": false,
            "generation": 1778047358558093,
            "id": "total-pillar-495011-r7-functions-function-68d84163971007c92e7663a9c104c8a6.zip",
            "kms_key_name": "",
            "md5hash": "aNhBY5cQB8kudmOpwQTIpg==",
            "media_link": "https://storage.googleapis.com/download/storage/v1/b/total-pillar-495011-r7-functions/o/function-68d84163971007c92e7663a9c104c8a6.zip?generation=1778047358558093\u0026alt=media",
            "metadata": null,
            "name": "function-68d84163971007c92e7663a9c104c8a6.zip",
            "output_name": "function-68d84163971007c92e7663a9c104c8a6.zip",
            "retention": [],
            "self_link": "https://www.googleapis.com/storage/v1/b/total-pillar-495011-r7-functions/o/function-68d84163971007c92e7663a9c104c8a6.zip",
            "source": "/tmp/function.zip",
            "storage_class": "STANDARD",
            "temporary_hold": false,
            "timeouts": null
          },
          "sensitive_attributes": [
            [
              {
                "type": "get_attr",
                "value": "content"
              }
            ]
          ],
          "identity_schema_version": 0,
          "private": "eyJlMmJmYjczMC1lY2FhLTExZTYtOGY4OC0zNDM2M2JjN2M0YzAiOnsiY3JlYXRlIjoyNDAwMDAwMDAwMDAsImRlbGV0ZSI6MjQwMDAwMDAwMDAwLCJ1cGRhdGUiOjI0MDAwMDAwMDAwMH19",
          "dependencies": [
            "data.archive_file.function_zip",
            "google_storage_bucket.functions"
          ]
        }
      ]
    }
  ],
  "check_results": null
}
