{
  "version": 4,
  "terraform_version": "1.14.9",
  "serial": 11,
  "lineage": "5d35e599-d5dc-a748-4ac2-a18d862d08fb",
  "outputs": {
    "bucket_name": {
      "value": "abdikani-website-2024",
      "type": "string"
    },
    "load_balancer_ip": {
      "value": "34.120.212.37",
      "type": "string"
    }
  },
  "resources": [
    {
      "mode": "managed",
      "type": "google_compute_backend_bucket",
      "name": "website_backend",
      "provider": "provider[\"registry.terraform.io/hashicorp/google\"]",
      "instances": [
        {
          "schema_version": 0,
          "attributes": {
            "bucket_name": "abdikani-website-2024",
            "cdn_policy": [
              {
                "bypass_cache_on_request_headers": [],
                "cache_key_policy": [],
                "cache_mode": "CACHE_ALL_STATIC",
                "client_ttl": 3600,
                "default_ttl": 3600,
                "max_ttl": 86400,
                "negative_caching": true,
                "negative_caching_policy": [],
                "request_coalescing": false,
                "serve_while_stale": 0,
                "signed_url_cache_max_age_sec": 0
              }
            ],
            "compression_mode": "",
            "creation_timestamp": "2026-05-01T07:12:25.730-07:00",
            "custom_response_headers": null,
            "description": "",
            "edge_security_policy": "",
            "enable_cdn": true,
            "id": "projects/total-pillar-495011-r7/global/backendBuckets/abdikani-website-backend",
            "name": "abdikani-website-backend",
            "project": "total-pillar-495011-r7",
            "self_link": "https://www.googleapis.com/compute/v1/projects/total-pillar-495011-r7/global/backendBuckets/abdikani-website-backend",
            "timeouts": null
          },
          "sensitive_attributes": [],
          "identity_schema_version": 0,
          "private": "eyJlMmJmYjczMC1lY2FhLTExZTYtOGY4OC0zNDM2M2JjN2M0YzAiOnsiY3JlYXRlIjoxMjAwMDAwMDAwMDAwLCJkZWxldGUiOjEyMDAwMDAwMDAwMDAsInVwZGF0ZSI6MTIwMDAwMDAwMDAwMH19",
          "dependencies": [
            "google_storage_bucket.website"
          ]
        }
      ]
    },
    {
      "mode": "managed",
      "type": "google_compute_global_address",
      "name": "website",
      "provider": "provider[\"registry.terraform.io/hashicorp/google\"]",
      "instances": [
        {
          "schema_version": 0,
          "attributes": {
            "address": "34.120.212.37",
            "address_type": "EXTERNAL",
            "creation_timestamp": "2026-05-01T07:12:23.411-07:00",
            "description": "",
            "effective_labels": {},
            "id": "projects/total-pillar-495011-r7/global/addresses/abdikani-website-ip",
            "ip_version": "",
            "label_fingerprint": "42WmSpB8rSM=",
            "labels": null,
            "name": "abdikani-website-ip",
            "network": "",
            "prefix_length": 0,
            "project": "total-pillar-495011-r7",
            "purpose": "",
            "self_link": "https://www.googleapis.com/compute/v1/projects/total-pillar-495011-r7/global/addresses/abdikani-website-ip",
            "terraform_labels": {},
            "timeouts": null
          },
          "sensitive_attributes": [],
          "identity_schema_version": 0,
          "private": "eyJlMmJmYjczMC1lY2FhLTExZTYtOGY4OC0zNDM2M2JjN2M0YzAiOnsiY3JlYXRlIjoxMjAwMDAwMDAwMDAwLCJkZWxldGUiOjEyMDAwMDAwMDAwMDAsInVwZGF0ZSI6MTIwMDAwMDAwMDAwMH19"
        }
      ]
    },
    {
      "mode": "managed",
      "type": "google_compute_global_forwarding_rule",
      "name": "http_redirect",
      "provider": "provider[\"registry.terraform.io/hashicorp/google\"]",
      "instances": [
        {
          "schema_version": 0,
          "attributes": {
            "base_forwarding_rule": "",
            "description": "",
            "effective_labels": {},
            "id": "projects/total-pillar-495011-r7/global/forwardingRules/abdikani-website-http",
            "ip_address": "34.120.212.37",
            "ip_protocol": "TCP",
            "ip_version": "",
            "label_fingerprint": "42WmSpB8rSM=",
            "labels": null,
            "load_balancing_scheme": "EXTERNAL",
            "metadata_filters": [],
            "name": "abdikani-website-http",
            "network": "",
            "no_automate_dns_zone": null,
            "port_range": "80-80",
            "project": "total-pillar-495011-r7",
            "psc_connection_id": "",
            "psc_connection_status": "",
            "self_link": "https://www.googleapis.com/compute/v1/projects/total-pillar-495011-r7/global/forwardingRules/abdikani-website-http",
            "service_directory_registrations": [],
            "source_ip_ranges": null,
            "subnetwork": "",
            "target": "https://www.googleapis.com/compute/v1/projects/total-pillar-495011-r7/global/targetHttpProxies/abdikani-http-proxy",
            "terraform_labels": {},
            "timeouts": null
          },
          "sensitive_attributes": [],
          "identity_schema_version": 0,
          "private": "eyJlMmJmYjczMC1lY2FhLTExZTYtOGY4OC0zNDM2M2JjN2M0YzAiOnsiY3JlYXRlIjoxMjAwMDAwMDAwMDAwLCJkZWxldGUiOjEyMDAwMDAwMDAwMDAsInVwZGF0ZSI6MTIwMDAwMDAwMDAwMH19",
          "dependencies": [
            "google_compute_global_address.website",
            "google_compute_target_http_proxy.http_redirect",
            "google_compute_url_map.http_redirect"
          ]
        }
      ]
    },
    {
      "mode": "managed",
      "type": "google_compute_managed_ssl_certificate",
      "name": "website",
      "provider": "provider[\"registry.terraform.io/hashicorp/google\"]",
      "instances": [
        {
          "schema_version": 0,
          "attributes": {
            "certificate_id": 4082236134386108968,
            "creation_timestamp": "2026-05-01T07:12:23.312-07:00",
            "description": "",
            "expire_time": "",
            "id": "projects/total-pillar-495011-r7/global/sslCertificates/abdikani-ssl-cert",
            "managed": [
              {
                "domains": [
                  "abdikani-cloud.com"
                ]
              }
            ],
            "name": "abdikani-ssl-cert",
            "project": "total-pillar-495011-r7",
            "self_link": "https://www.googleapis.com/compute/v1/projects/total-pillar-495011-r7/global/sslCertificates/abdikani-ssl-cert",
            "subject_alternative_names": [],
            "timeouts": null,
            "type": "MANAGED"
          },
          "sensitive_attributes": [],
          "identity_schema_version": 0,
          "private": "eyJlMmJmYjczMC1lY2FhLTExZTYtOGY4OC0zNDM2M2JjN2M0YzAiOnsiY3JlYXRlIjoxODAwMDAwMDAwMDAwLCJkZWxldGUiOjE4MDAwMDAwMDAwMDB9fQ=="
        }
      ]
    },
    {
      "mode": "managed",
      "type": "google_compute_target_http_proxy",
      "name": "http_redirect",
      "provider": "provider[\"registry.terraform.io/hashicorp/google\"]",
      "instances": [
        {
          "schema_version": 0,
          "attributes": {
            "creation_timestamp": "2026-05-01T07:12:35.580-07:00",
            "description": "",
            "http_keep_alive_timeout_sec": 0,
            "id": "projects/total-pillar-495011-r7/global/targetHttpProxies/abdikani-http-proxy",
            "name": "abdikani-http-proxy",
            "project": "total-pillar-495011-r7",
            "proxy_bind": false,
            "proxy_id": 7026831773692135996,
            "self_link": "https://www.googleapis.com/compute/v1/projects/total-pillar-495011-r7/global/targetHttpProxies/abdikani-http-proxy",
            "timeouts": null,
            "url_map": "https://www.googleapis.com/compute/v1/projects/total-pillar-495011-r7/global/urlMaps/abdikani-http-redirect"
          },
          "sensitive_attributes": [],
          "identity_schema_version": 0,
          "private": "eyJlMmJmYjczMC1lY2FhLTExZTYtOGY4OC0zNDM2M2JjN2M0YzAiOnsiY3JlYXRlIjoxMjAwMDAwMDAwMDAwLCJkZWxldGUiOjEyMDAwMDAwMDAwMDAsInVwZGF0ZSI6MTIwMDAwMDAwMDAwMH19",
          "dependencies": [
            "google_compute_url_map.http_redirect"
          ]
        }
      ]
    },
    {
      "mode": "managed",
      "type": "google_compute_target_https_proxy",
      "name": "website",
      "provider": "provider[\"registry.terraform.io/hashicorp/google\"]",
      "instances": [
        {
          "schema_version": 0,
          "attributes": {
            "certificate_manager_certificates": null,
            "certificate_map": "",
            "creation_timestamp": "2026-05-01T07:13:01.974-07:00",
            "description": "",
            "http_keep_alive_timeout_sec": 0,
            "id": "projects/total-pillar-495011-r7/global/targetHttpsProxies/abdikani-https-proxy",
            "name": "abdikani-https-proxy",
            "project": "total-pillar-495011-r7",
            "proxy_bind": false,
            "proxy_id": 8868880497474341378,
            "quic_override": "NONE",
            "self_link": "https://www.googleapis.com/compute/v1/projects/total-pillar-495011-r7/global/targetHttpsProxies/abdikani-https-proxy",
            "server_tls_policy": "",
            "ssl_certificates": [
              "https://www.googleapis.com/compute/v1/projects/total-pillar-495011-r7/global/sslCertificates/abdikani-ssl-cert"
            ],
            "ssl_policy": "",
            "timeouts": null,
            "tls_early_data": "DISABLED",
            "url_map": "https://www.googleapis.com/compute/v1/projects/total-pillar-495011-r7/global/urlMaps/abdikani-website-urlmap"
          },
          "sensitive_attributes": [],
          "identity_schema_version": 0,
          "private": "eyJlMmJmYjczMC1lY2FhLTExZTYtOGY4OC0zNDM2M2JjN2M0YzAiOnsiY3JlYXRlIjoxMjAwMDAwMDAwMDAwLCJkZWxldGUiOjEyMDAwMDAwMDAwMDAsInVwZGF0ZSI6MTIwMDAwMDAwMDAwMH19",
          "dependencies": [
            "google_compute_backend_bucket.website_backend",
            "google_compute_managed_ssl_certificate.website",
            "google_compute_url_map.website",
            "google_storage_bucket.website"
          ]
        }
      ]
    },
    {
      "mode": "managed",
      "type": "google_compute_url_map",
      "name": "http_redirect",
      "provider": "provider[\"registry.terraform.io/hashicorp/google\"]",
      "instances": [
        {
          "schema_version": 0,
          "attributes": {
            "creation_timestamp": "2026-05-01T07:12:23.319-07:00",
            "default_route_action": [],
            "default_service": "",
            "default_url_redirect": [
              {
                "host_redirect": "",
                "https_redirect": true,
                "path_redirect": "",
                "prefix_redirect": "",
                "redirect_response_code": "",
                "strip_query": false
              }
            ],
            "description": "",
            "fingerprint": "6mzpsDYOioQ=",
            "header_action": [],
            "host_rule": [],
            "id": "projects/total-pillar-495011-r7/global/urlMaps/abdikani-http-redirect",
            "map_id": 5912178075505330728,
            "name": "abdikani-http-redirect",
            "path_matcher": [],
            "project": "total-pillar-495011-r7",
            "self_link": "https://www.googleapis.com/compute/v1/projects/total-pillar-495011-r7/global/urlMaps/abdikani-http-redirect",
            "test": [],
            "timeouts": null
          },
          "sensitive_attributes": [],
          "identity_schema_version": 0,
          "private": "eyJlMmJmYjczMC1lY2FhLTExZTYtOGY4OC0zNDM2M2JjN2M0YzAiOnsiY3JlYXRlIjoxMjAwMDAwMDAwMDAwLCJkZWxldGUiOjEyMDAwMDAwMDAwMDAsInVwZGF0ZSI6MTIwMDAwMDAwMDAwMH19"
        }
      ]
    },
    {
      "mode": "managed",
      "type": "google_compute_url_map",
      "name": "website",
      "provider": "provider[\"registry.terraform.io/hashicorp/google\"]",
      "instances": [
        {
          "schema_version": 0,
          "attributes": {
            "creation_timestamp": "2026-05-01T07:12:49.366-07:00",
            "default_route_action": [],
            "default_service": "https://www.googleapis.com/compute/v1/projects/total-pillar-495011-r7/global/backendBuckets/abdikani-website-backend",
            "default_url_redirect": [],
            "description": "",
            "fingerprint": "l-y90XbJ9Nw=",
            "header_action": [],
            "host_rule": [],
            "id": "projects/total-pillar-495011-r7/global/urlMaps/abdikani-website-urlmap",
            "map_id": 365080963494513166,
            "name": "abdikani-website-urlmap",
            "path_matcher": [],
            "project": "total-pillar-495011-r7",
            "self_link": "https://www.googleapis.com/compute/v1/projects/total-pillar-495011-r7/global/urlMaps/abdikani-website-urlmap",
            "test": [],
            "timeouts": null
          },
          "sensitive_attributes": [],
          "identity_schema_version": 0,
          "private": "eyJlMmJmYjczMC1lY2FhLTExZTYtOGY4OC0zNDM2M2JjN2M0YzAiOnsiY3JlYXRlIjoxMjAwMDAwMDAwMDAwLCJkZWxldGUiOjEyMDAwMDAwMDAwMDAsInVwZGF0ZSI6MTIwMDAwMDAwMDAwMH19",
          "dependencies": [
            "google_compute_backend_bucket.website_backend",
            "google_storage_bucket.website"
          ]
        }
      ]
    },
    {
      "mode": "managed",
      "type": "google_storage_bucket",
      "name": "website",
      "provider": "provider[\"registry.terraform.io/hashicorp/google\"]",
      "instances": [
        {
          "schema_version": 2,
          "attributes": {
            "autoclass": [],
            "cors": [],
            "custom_placement_config": [],
            "default_event_based_hold": false,
            "effective_labels": {},
            "enable_object_retention": false,
            "encryption": [],
            "force_destroy": true,
            "id": "abdikani-website-2024",
            "labels": null,
            "lifecycle_rule": [],
            "location": "US",
            "logging": [],
            "name": "abdikani-website-2024",
            "project": "total-pillar-495011-r7",
            "project_number": 969309233570,
            "public_access_prevention": "inherited",
            "requester_pays": false,
            "retention_policy": [],
            "rpo": "DEFAULT",
            "self_link": "https://www.googleapis.com/storage/v1/b/abdikani-website-2024",
            "soft_delete_policy": [
              {
                "effective_time": "2026-05-01T14:12:24.506Z",
                "retention_duration_seconds": 604800
              }
            ],
            "storage_class": "STANDARD",
            "terraform_labels": {},
            "timeouts": null,
            "uniform_bucket_level_access": true,
            "url": "gs://abdikani-website-2024",
            "versioning": [],
            "website": [
              {
                "main_page_suffix": "index.html",
                "not_found_page": "404.html"
              }
            ]
          },
          "sensitive_attributes": [],
          "identity_schema_version": 0,
          "private": "eyJlMmJmYjczMC1lY2FhLTExZTYtOGY4OC0zNDM2M2JjN2M0YzAiOnsiY3JlYXRlIjo2MDAwMDAwMDAwMDAsInJlYWQiOjI0MDAwMDAwMDAwMCwidXBkYXRlIjoyNDAwMDAwMDAwMDB9LCJzY2hlbWFfdmVyc2lvbiI6IjIifQ=="
        }
      ]
    },
    {
      "mode": "managed",
      "type": "google_storage_bucket_iam_member",
      "name": "public_read",
      "provider": "provider[\"registry.terraform.io/hashicorp/google\"]",
      "instances": [
        {
          "schema_version": 0,
          "attributes": {
            "bucket": "b/abdikani-website-2024",
            "condition": [],
            "etag": "CAI=",
            "id": "b/abdikani-website-2024/roles/storage.objectViewer/allUsers",
            "member": "allUsers",
            "role": "roles/storage.objectViewer"
          },
          "sensitive_attributes": [],
          "identity_schema_version": 0,
          "private": "bnVsbA==",
          "dependencies": [
            "google_storage_bucket.website"
          ]
        }
      ]
    }
  ],
  "check_results": null
}
