{
  "version": 4,
  "terraform_version": "1.14.9",
  "serial": 15,
  "lineage": "2993cfc3-4dd0-ed12-9712-17d40939fb52",
  "outputs": {
    "db_connection_name": {
      "value": "total-pillar-495011-r7:us-central1:abdikani-db",
      "type": "string"
    },
    "db_private_ip": {
      "value": "172.30.0.5",
      "type": "string"
    }
  },
  "resources": [
    {
      "mode": "managed",
      "type": "google_compute_global_address",
      "name": "private_ip_range",
      "provider": "provider[\"registry.terraform.io/hashicorp/google\"]",
      "instances": [
        {
          "schema_version": 0,
          "attributes": {
            "address": "172.30.0.0",
            "address_type": "INTERNAL",
            "creation_timestamp": "2026-05-04T01:13:30.551-07:00",
            "description": "",
            "effective_labels": {},
            "id": "projects/total-pillar-495011-r7/global/addresses/abdikani-db-private-range",
            "ip_version": "",
            "label_fingerprint": "42WmSpB8rSM=",
            "labels": {},
            "name": "abdikani-db-private-range",
            "network": "https://www.googleapis.com/compute/v1/projects/total-pillar-495011-r7/global/networks/default",
            "prefix_length": 16,
            "project": "total-pillar-495011-r7",
            "purpose": "VPC_PEERING",
            "self_link": "https://www.googleapis.com/compute/v1/projects/total-pillar-495011-r7/global/addresses/abdikani-db-private-range",
            "terraform_labels": {},
            "timeouts": null
          },
          "sensitive_attributes": [],
          "identity_schema_version": 0,
          "private": "eyJlMmJmYjczMC1lY2FhLTExZTYtOGY4OC0zNDM2M2JjN2M0YzAiOnsiY3JlYXRlIjoxMjAwMDAwMDAwMDAwLCJkZWxldGUiOjEyMDAwMDAwMDAwMDAsInVwZGF0ZSI6MTIwMDAwMDAwMDAwMH19"
        }
      ]
    },
    {
      "mode": "managed",
      "type": "google_service_networking_connection",
      "name": "private_vpc",
      "provider": "provider[\"registry.terraform.io/hashicorp/google\"]",
      "instances": [
        {
          "schema_version": 0,
          "attributes": {
            "deletion_policy": null,
            "id": "projects%2Ftotal-pillar-495011-r7%2Fglobal%2Fnetworks%2Fdefault:servicenetworking.googleapis.com",
            "network": "projects/total-pillar-495011-r7/global/networks/default",
            "peering": "servicenetworking-googleapis-com",
            "reserved_peering_ranges": [
              "abdikani-db-private-range"
            ],
            "service": "servicenetworking.googleapis.com",
            "timeouts": null,
            "update_on_creation_fail": null
          },
          "sensitive_attributes": [],
          "identity_schema_version": 0,
          "private": "eyJlMmJmYjczMC1lY2FhLTExZTYtOGY4OC0zNDM2M2JjN2M0YzAiOnsiY3JlYXRlIjo2MDAwMDAwMDAwMDAsImRlbGV0ZSI6NjAwMDAwMDAwMDAwLCJ1cGRhdGUiOjYwMDAwMDAwMDAwMH19",
          "dependencies": [
            "google_compute_global_address.private_ip_range"
          ]
        }
      ]
    },
    {
      "mode": "managed",
      "type": "google_sql_database",
      "name": "appdb",
      "provider": "provider[\"registry.terraform.io/hashicorp/google\"]",
      "instances": [
        {
          "schema_version": 0,
          "attributes": {
            "charset": "UTF8",
            "collation": "en_US.UTF8",
            "deletion_policy": "DELETE",
            "id": "projects/total-pillar-495011-r7/instances/abdikani-db/databases/appdb",
            "instance": "abdikani-db",
            "name": "appdb",
            "project": "total-pillar-495011-r7",
            "self_link": "https://sqladmin.googleapis.com/sql/v1beta4/projects/total-pillar-495011-r7/instances/abdikani-db/databases/appdb",
            "timeouts": null
          },
          "sensitive_attributes": [],
          "identity_schema_version": 0,
          "private": "eyJlMmJmYjczMC1lY2FhLTExZTYtOGY4OC0zNDM2M2JjN2M0YzAiOnsiY3JlYXRlIjoxMjAwMDAwMDAwMDAwLCJkZWxldGUiOjEyMDAwMDAwMDAwMDAsInVwZGF0ZSI6MTIwMDAwMDAwMDAwMH19",
          "dependencies": [
            "google_compute_global_address.private_ip_range",
            "google_service_networking_connection.private_vpc",
            "google_sql_database_instance.main"
          ]
        }
      ]
    },
    {
      "mode": "managed",
      "type": "google_sql_database_instance",
      "name": "main",
      "provider": "provider[\"registry.terraform.io/hashicorp/google\"]",
      "instances": [
        {
          "schema_version": 0,
          "attributes": {
            "available_maintenance_versions": [],
            "clone": [],
            "connection_name": "total-pillar-495011-r7:us-central1:abdikani-db",
            "database_version": "POSTGRES_15",
            "deletion_protection": false,
            "dns_name": "",
            "encryption_key_name": null,
            "first_ip_address": "172.30.0.5",
            "id": "abdikani-db",
            "instance_type": "CLOUD_SQL_INSTANCE",
            "ip_address": [
              {
                "ip_address": "172.30.0.5",
                "time_to_retire": "",
                "type": "PRIVATE"
              }
            ],
            "maintenance_version": "POSTGRES_15_17.R20260319.00_11",
            "master_instance_name": "",
            "name": "abdikani-db",
            "private_ip_address": "172.30.0.5",
            "project": "total-pillar-495011-r7",
            "psc_service_attachment_link": "",
            "public_ip_address": "",
            "region": "us-central1",
            "replica_configuration": [],
            "restore_backup_context": [],
            "root_password": null,
            "self_link": "https://sqladmin.googleapis.com/sql/v1beta4/projects/total-pillar-495011-r7/instances/abdikani-db",
            "server_ca_cert": [
              {
                "cert": "-----BEGIN CERTIFICATE-----\nMIIDcTCCAlmgAwIBAgIBADANBgkqhkiG9w0BAQsFADBwMS0wKwYDVQQuEyQyMWQz\nMWQ3Yy1lNGVjLTQ3MTQtOWM0Ni04MzcwNDFkYmM1OTYxHDAaBgNVBAMTE0Nsb3Vk\nIFNRTCBTZXJ2ZXIgQ0ExFDASBgNVBAoTC0dvb2dsZSwgSW5jMQswCQYDVQQGEwJV\nUzAeFw0yNjA1MDUwODU5NDZaFw0zNjA1MDIwOTAwNDZaMHAxLTArBgNVBC4TJDIx\nZDMxZDdjLWU0ZWMtNDcxNC05YzQ2LTgzNzA0MWRiYzU5NjEcMBoGA1UEAxMTQ2xv\ndWQgU1FMIFNlcnZlciBDQTEUMBIGA1UEChMLR29vZ2xlLCBJbmMxCzAJBgNVBAYT\nAlVTMIIBIjANBgkqhkiG9w0BAQEFAAOCAQ8AMIIBCgKCAQEA42DEtE13B7gQSIVY\npZzelOfOzgZ38ar/bkDDrl4+PHXCVFMqGRdwratun+Ku/xTfowCrQHrR8sopMwPL\nCqqf/0sr4bBRS6BMNGa8LxjyWhb7/vn9C7UMmw3M19ZJh8qiMeSHC3Cd0tWZERir\ns8IIN44cFtpTydmnF3a0zZfd8qW+/ujEW0XIxEEVAhIuQ/yTgD5F31dVzcDKPwhP\nDsTeoyuBEn7TMRbaJvaQO8a/hUjfWudTtyHzRun/0VpgnSjkZ2DkshtnzzVnz30a\nAMmP6vRiCz6b7PwmoyW7gTu9/kKG6oS/mfmnoZG240/6ahx6EttdFAYuLS3bbLpQ\n8jsTCwIDAQABoxYwFDASBgNVHRMBAf8ECDAGAQH/AgEAMA0GCSqGSIb3DQEBCwUA\nA4IBAQCbS1L9irWshL40g47vxcHM3C8aIsiGOuX5tUUDPwkXL8GYj1bEb/+K6gGb\nfZAe1R26g1PrnE6tmKlU81YPD0KMb1GDXvJBwR9B2kAb6vuyQnm+/IVejOEvuUBB\n+ZWKkrE/6AkUQ/pUcZ9S4WEVQ8tk7L0JuiXCf1Y/jQXAzhsu+RzPZHdbaWAlKU7a\nf35l84C0EgKbMip27vdrKzZS7f44kIE0wE0IyFtqrQoVVBlGTxSvI+89eJq/dUH3\nuwYeTXnITVHIihiLeqZE3OKsEomlqR0Yy4kE5elw7k6F31ziM0zsxeNFQTuVrsS0\nTjp+K3dRwMRKBR0MA9LE0OIQWcth\n-----END CERTIFICATE-----",
                "common_name": "C=US,O=Google\\, Inc,CN=Cloud SQL Server CA,dnQualifier=21d31d7c-e4ec-4714-9c46-837041dbc596",
                "create_time": "2026-05-05T08:59:46.984Z",
                "expiration_time": "2036-05-02T09:00:46.984Z",
                "sha1_fingerprint": "9c1cbad8b68abfdf9c76c69e96b9a8491b8796ee"
              }
            ],
            "service_account_email_address": "p969309233570-x1a6b7@gcp-sa-cloud-sql.iam.gserviceaccount.com",
            "settings": [
              {
                "activation_policy": "ALWAYS",
                "active_directory_config": [],
                "advanced_machine_features": [],
                "availability_type": "ZONAL",
                "backup_configuration": [
                  {
                    "backup_retention_settings": [
                      {
                        "retained_backups": 7,
                        "retention_unit": "COUNT"
                      }
                    ],
                    "binary_log_enabled": false,
                    "enabled": true,
                    "location": "",
                    "point_in_time_recovery_enabled": false,
                    "start_time": "02:00",
                    "transaction_log_retention_days": 7
                  }
                ],
                "collation": "",
                "connector_enforcement": "NOT_REQUIRED",
                "data_cache_config": [],
                "database_flags": [],
                "deletion_protection_enabled": false,
                "deny_maintenance_period": [],
                "disk_autoresize": true,
                "disk_autoresize_limit": 0,
                "disk_size": 10,
                "disk_type": "PD_SSD",
                "edition": "ENTERPRISE",
                "enable_dataplex_integration": false,
                "enable_google_ml_integration": false,
                "insights_config": [],
                "ip_configuration": [
                  {
                    "allocated_ip_range": "",
                    "authorized_networks": [],
                    "enable_private_path_for_google_cloud_services": false,
                    "ipv4_enabled": false,
                    "private_network": "projects/total-pillar-495011-r7/global/networks/default",
                    "psc_config": [],
                    "require_ssl": false,
                    "server_ca_mode": "GOOGLE_MANAGED_INTERNAL_CA",
                    "ssl_mode": ""
                  }
                ],
                "location_preference": [
                  {
                    "follow_gae_application": "",
                    "secondary_zone": "",
                    "zone": "us-central1-a"
                  }
                ],
                "maintenance_window": [],
                "password_validation_policy": [],
                "pricing_plan": "PER_USE",
                "sql_server_audit_config": [],
                "tier": "db-f1-micro",
                "time_zone": "",
                "user_labels": {},
                "version": 1
              }
            ],
            "timeouts": null
          },
          "sensitive_attributes": [
            [
              {
                "type": "get_attr",
                "value": "root_password"
              }
            ],
            [
              {
                "type": "get_attr",
                "value": "server_ca_cert"
              }
            ]
          ],
          "identity_schema_version": 0,
          "private": "eyJlMmJmYjczMC1lY2FhLTExZTYtOGY4OC0zNDM2M2JjN2M0YzAiOnsiY3JlYXRlIjo1NDAwMDAwMDAwMDAwLCJkZWxldGUiOjU0MDAwMDAwMDAwMDAsInVwZGF0ZSI6NTQwMDAwMDAwMDAwMH19",
          "dependencies": [
            "google_compute_global_address.private_ip_range",
            "google_service_networking_connection.private_vpc"
          ]
        }
      ]
    },
    {
      "mode": "managed",
      "type": "google_sql_user",
      "name": "appuser",
      "provider": "provider[\"registry.terraform.io/hashicorp/google\"]",
      "instances": [
        {
          "schema_version": 1,
          "attributes": {
            "deletion_policy": null,
            "host": "",
            "id": "appuser//abdikani-db",
            "instance": "abdikani-db",
            "name": "appuser",
            "password": "AbdiSecure2024!",
            "password_policy": [],
            "project": "total-pillar-495011-r7",
            "sql_server_user_details": [],
            "timeouts": null,
            "type": ""
          },
          "sensitive_attributes": [
            [
              {
                "type": "get_attr",
                "value": "password"
              }
            ]
          ],
          "identity_schema_version": 0,
          "private": "eyJlMmJmYjczMC1lY2FhLTExZTYtOGY4OC0zNDM2M2JjN2M0YzAiOnsiY3JlYXRlIjo2MDAwMDAwMDAwMDAsImRlbGV0ZSI6NjAwMDAwMDAwMDAwLCJ1cGRhdGUiOjYwMDAwMDAwMDAwMH0sInNjaGVtYV92ZXJzaW9uIjoiMSJ9",
          "dependencies": [
            "google_compute_global_address.private_ip_range",
            "google_service_networking_connection.private_vpc",
            "google_sql_database_instance.main"
          ]
        }
      ]
    }
  ],
  "check_results": null
}
