{
  "version": 4,
  "terraform_version": "1.14.9",
  "serial": 15,
  "lineage": "24cf3cb2-08fd-4c90-2841-efbf37843ce1",
  "outputs": {
    "cluster_name": {
      "value": "abdikani-cluster",
      "type": "string"
    },
    "connect_command": {
      "value": "gcloud container clusters get-credentials abdikani-cluster --zone=us-central1-a --project=total-pillar-495011-r7",
      "type": "string"
    }
  },
  "resources": [
    {
      "mode": "managed",
      "type": "google_container_cluster",
      "name": "primary",
      "provider": "provider[\"registry.terraform.io/hashicorp/google\"]",
      "instances": [
        {
          "schema_version": 2,
          "attributes": {
            "addons_config": [
              {
                "cloudrun_config": [],
                "config_connector_config": [],
                "dns_cache_config": [
                  {
                    "enabled": true
                  }
                ],
                "gce_persistent_disk_csi_driver_config": [
                  {
                    "enabled": true
                  }
                ],
                "gcp_filestore_csi_driver_config": [],
                "gcs_fuse_csi_driver_config": [],
                "gke_backup_agent_config": [],
                "horizontal_pod_autoscaling": [],
                "http_load_balancing": [],
                "network_policy_config": [
                  {
                    "disabled": true
                  }
                ],
                "ray_operator_config": [],
                "stateful_ha_config": []
              }
            ],
            "allow_net_admin": null,
            "authenticator_groups_config": [],
            "binary_authorization": [
              {
                "enabled": false,
                "evaluation_mode": ""
              }
            ],
            "cluster_autoscaling": [
              {
                "auto_provisioning_defaults": [],
                "auto_provisioning_locations": [],
                "autoscaling_profile": "BALANCED",
                "enabled": false,
                "resource_limits": []
              }
            ],
            "cluster_ipv4_cidr": "10.112.0.0/14",
            "confidential_nodes": [],
            "cost_management_config": [],
            "database_encryption": [
              {
                "key_name": "",
                "state": "DECRYPTED"
              }
            ],
            "datapath_provider": "",
            "default_max_pods_per_node": 110,
            "default_snat_status": [
              {
                "disabled": false
              }
            ],
            "deletion_protection": false,
            "description": "",
            "dns_config": [],
            "enable_autopilot": false,
            "enable_cilium_clusterwide_network_policy": false,
            "enable_intranode_visibility": false,
            "enable_k8s_beta_apis": [],
            "enable_kubernetes_alpha": false,
            "enable_l4_ilb_subsetting": false,
            "enable_legacy_abac": false,
            "enable_multi_networking": false,
            "enable_shielded_nodes": true,
            "enable_tpu": false,
            "endpoint": "34.122.81.188",
            "fleet": [],
            "gateway_api_config": [],
            "id": "projects/total-pillar-495011-r7/locations/us-central1-a/clusters/abdikani-cluster",
            "identity_service_config": [],
            "initial_node_count": 1,
            "ip_allocation_policy": [
              {
                "additional_pod_ranges_config": [],
                "cluster_ipv4_cidr_block": "10.112.0.0/14",
                "cluster_secondary_range_name": "gke-abdikani-cluster-pods-c5f32c76",
                "pod_cidr_overprovision_config": [
                  {
                    "disabled": false
                  }
                ],
                "services_ipv4_cidr_block": "34.118.224.0/20",
                "services_secondary_range_name": "",
                "stack_type": "IPV4"
              }
            ],
            "label_fingerprint": "a9dc16a7",
            "location": "us-central1-a",
            "logging_config": [
              {
                "enable_components": [
                  "SYSTEM_COMPONENTS",
                  "WORKLOADS"
                ]
              }
            ],
            "logging_service": "logging.googleapis.com/kubernetes",
            "maintenance_policy": [],
            "master_auth": [
              {
                "client_certificate": "",
                "client_certificate_config": [
                  {
                    "issue_client_certificate": false
                  }
                ],
                "client_key": "",
                "cluster_ca_certificate": "LS0tLS1CRUdJTiBDRVJUSUZJQ0FURS0tLS0tCk1JSUVMRENDQXBTZ0F3SUJBZ0lRSmVDL3E5eWZYN0dEaDRoYVNEVzU5REFOQmdrcWhraUc5dzBCQVFzRkFEQXYKTVMwd0t3WURWUVFERXlRNE56UmhNRGRtT1MwNU1UUmtMVFJrWXpNdE9Ua3hZUzFqWldNNFpXSTVNakk0TkdFdwpJQmNOTWpZd05UQTNNVEV6TnpFeldoZ1BNakExTmpBME1qa3hNak0zTVROYU1DOHhMVEFyQmdOVkJBTVRKRGczCk5HRXdOMlk1TFRreE5HUXROR1JqTXkwNU9URmhMV05sWXpobFlqa3lNamcwWVRDQ0FhSXdEUVlKS29aSWh2Y04KQVFFQkJRQURnZ0dQQURDQ0FZb0NnZ0dCQU1HWlUwV21zdnd4WVA2NXo4ek9rNlgrTExTS1ZHaytFMUI0U0NtMwpNdHdaWVJDRk96TThwMUZ4VU5CdHFuZkhKdDJybFFsVUE4dm41MnN0S3JvRFVNUDliMUJoTEViNVdicHl2RUdLCnY5Ym1SVFFSZWc1amVEalNuRmFrbTRyY0tlWGN2OVBVcGxuWkxESG1vZkRPbzM3eElMSWR2OWx5Z1hmUDBPTUIKb0NsMzBtM0hEQTBUZmNaY1NNZUNUUmhmaTY0dU5ZMFRLNDBnZ3d6dzM4MmZTaVp6b2grU3VzRzBWZ0JSWFFnOQpEUFQ4eklvWUVzZXZKazFIKy9NR3NiOGVIMXFYSUZGcG5Cc0xjcXp0eU9wWGZJam9kUXJjQmQxdEhTRHNzTStvCjZSUUVzVGgzeG5hWkRvb0k1MkFIMVRrYnBoSmNwRHpldldpWWo2OG5oM2s4UW1YeEIvVzBvOFJvenZQUHcrbksKK1Nwbk1sVWRFMFFGT2YwSittV3l4SDB1OXhVbDVNM2gramhpd1N2dFV1Tm9WVWNPczBoZW1RU1RrbDVUS1ZmOQpERW51RW1iUmh2Q3FEbmI2My9uR3JCOUJuaUlwZ3hiR2gvYmZBS2h5SmlQVzd2NHp3Z1g0VktmbUxrZGtGRVBICnlzVzVPOTk2bFp4THZxODBFRTRJcFBLNjZRSURBUUFCbzBJd1FEQU9CZ05WSFE4QkFmOEVCQU1DQWdRd0R3WUQKVlIwVEFRSC9CQVV3QXdFQi96QWRCZ05WSFE0RUZnUVVYRVRhR2V0K0Q0WTI3UmR5djdrTTNXcHEvVnd3RFFZSgpLb1pJaHZjTkFRRUxCUUFEZ2dHQkFITHhidG5KNWs5eWx4WkwzMlBFKzRCYlhmU1JjTjJLM215TlVsL2R0SlpzClJkODB5UmRHRWVySXlsV01GQllvM04yZnlodEJ6cVpJWTF6TXdKbjZCVWZZVWp5RDg1SzYzQTVBTUhwemVGWFUKbW1FdzhJdytXd2dnb0JqUE9ZVXJSVUNTUVNtL1p1MmdvMVNFc3J3VE9MUnV6SHdHVWdRd2RydDNzdkdxVHZjNQpMZE1UcnNnNVhLMTgwQUkyL1kwdWI1bHArT2tvblZNNC8vQytLMzljN0pzbjVBcjBRa0N3S2pzc1Q2VGlrRTlUCmdmcmQ3N1ZhQXFTc0g4YU5UaEpMbGFzNFl1b3F2Nk8vdUNYWGNiMFFDY01zbUc1YTRQV3dFRVJVcWVJZ0xrYWYKY3hOVTJrcFNLTHExUUxZQmtyZEdrbjhDc3JIUGdYcXhLT204ZmR6bFVDVTgzMThKSDc2UjZ4TTRsc2hIKzJWRApnZHRhNDVkaWZqVUtQQzlSRXJpRVBuYytvd0QzajI1Wjhad3dna24rQkJiZ2MyQk85MFVEMjluQnFJa09PMXhkCm15a2tIM05OUUkrcWxMaU1YdkZOREdTZU95elVyWmc0WWp4cjNwaDI1bTNvNGxSb2xFalgyU0s1allKOUpiYmMKeHE1STlpWlU4WVVjVkEzdlJMb0JkQT09Ci0tLS0tRU5EIENFUlRJRklDQVRFLS0tLS0K"
              }
            ],
            "master_authorized_networks_config": [],
            "master_version": "1.35.3-gke.1234000",
            "mesh_certificates": [],
            "min_master_version": null,
            "monitoring_config": [
              {
                "advanced_datapath_observability_config": [
                  {
                    "enable_metrics": false,
                    "enable_relay": false,
                    "relay_mode": "DISABLED"
                  }
                ],
                "enable_components": [
                  "SYSTEM_COMPONENTS",
                  "STORAGE",
                  "HPA",
                  "POD",
                  "DAEMONSET",
                  "DEPLOYMENT",
                  "STATEFULSET",
                  "CADVISOR",
                  "KUBELET",
                  "DCGM",
                  "JOBSET"
                ],
                "managed_prometheus": [
                  {
                    "enabled": true
                  }
                ]
              }
            ],
            "monitoring_service": "monitoring.googleapis.com/kubernetes",
            "name": "abdikani-cluster",
            "network": "projects/total-pillar-495011-r7/global/networks/default",
            "network_policy": [
              {
                "enabled": false,
                "provider": "PROVIDER_UNSPECIFIED"
              }
            ],
            "networking_mode": "VPC_NATIVE",
            "node_config": [],
            "node_locations": [],
            "node_pool": [],
            "node_pool_auto_config": [
              {
                "network_tags": [],
                "node_kubelet_config": [
                  {
                    "insecure_kubelet_readonly_port_enabled": "FALSE"
                  }
                ],
                "resource_manager_tags": {}
              }
            ],
            "node_pool_defaults": [
              {
                "node_config_defaults": [
                  {
                    "containerd_config": [],
                    "insecure_kubelet_readonly_port_enabled": "FALSE",
                    "logging_variant": "DEFAULT"
                  }
                ]
              }
            ],
            "node_version": "1.35.3-gke.1234000",
            "notification_config": [
              {
                "pubsub": [
                  {
                    "enabled": false,
                    "filter": [],
                    "topic": ""
                  }
                ]
              }
            ],
            "operation": null,
            "private_cluster_config": [
              {
                "enable_private_endpoint": false,
                "enable_private_nodes": false,
                "master_global_access_config": [
                  {
                    "enabled": false
                  }
                ],
                "master_ipv4_cidr_block": "",
                "peering_name": "",
                "private_endpoint": "10.128.0.10",
                "private_endpoint_subnetwork": "",
                "public_endpoint": "34.122.81.188"
              }
            ],
            "private_ipv6_google_access": "",
            "project": "total-pillar-495011-r7",
            "release_channel": [
              {
                "channel": "REGULAR"
              }
            ],
            "remove_default_node_pool": true,
            "resource_labels": null,
            "resource_usage_export_config": [],
            "security_posture_config": [
              {
                "mode": "BASIC",
                "vulnerability_mode": "VULNERABILITY_MODE_UNSPECIFIED"
              }
            ],
            "self_link": "https://container.googleapis.com/v1/projects/total-pillar-495011-r7/zones/us-central1-a/clusters/abdikani-cluster",
            "service_external_ips_config": [
              {
                "enabled": false
              }
            ],
            "services_ipv4_cidr": "34.118.224.0/20",
            "subnetwork": "projects/total-pillar-495011-r7/regions/us-central1/subnetworks/default",
            "timeouts": null,
            "tpu_ipv4_cidr_block": "",
            "vertical_pod_autoscaling": [],
            "workload_identity_config": [
              {
                "workload_pool": "total-pillar-495011-r7.svc.id.goog"
              }
            ]
          },
          "sensitive_attributes": [
            [
              {
                "type": "get_attr",
                "value": "master_auth"
              },
              {
                "type": "index",
                "value": {
                  "value": 0,
                  "type": "number"
                }
              },
              {
                "type": "get_attr",
                "value": "client_key"
              }
            ]
          ],
          "identity_schema_version": 0,
          "private": "eyJlMmJmYjczMC1lY2FhLTExZTYtOGY4OC0zNDM2M2JjN2M0YzAiOnsiY3JlYXRlIjoyNDAwMDAwMDAwMDAwLCJkZWxldGUiOjI0MDAwMDAwMDAwMDAsInJlYWQiOjI0MDAwMDAwMDAwMDAsInVwZGF0ZSI6MzYwMDAwMDAwMDAwMH0sInNjaGVtYV92ZXJzaW9uIjoiMiJ9"
        }
      ]
    },
    {
      "mode": "managed",
      "type": "google_container_node_pool",
      "name": "primary_nodes",
      "provider": "provider[\"registry.terraform.io/hashicorp/google\"]",
      "instances": [
        {
          "schema_version": 1,
          "attributes": {
            "autoscaling": [],
            "cluster": "abdikani-cluster",
            "id": "projects/total-pillar-495011-r7/locations/us-central1-a/clusters/abdikani-cluster/nodePools/abdikani-node-pool",
            "initial_node_count": 2,
            "instance_group_urls": [
              "https://www.googleapis.com/compute/v1/projects/total-pillar-495011-r7/zones/us-central1-a/instanceGroupManagers/gke-abdikani-cluster-abdikani-node-po-01061874-grp"
            ],
            "location": "us-central1-a",
            "managed_instance_group_urls": [
              "https://www.googleapis.com/compute/v1/projects/total-pillar-495011-r7/zones/us-central1-a/instanceGroups/gke-abdikani-cluster-abdikani-node-po-01061874-grp"
            ],
            "management": [
              {
                "auto_repair": true,
                "auto_upgrade": true
              }
            ],
            "max_pods_per_node": 110,
            "name": "abdikani-node-pool",
            "name_prefix": "",
            "network_config": [
              {
                "additional_node_network_configs": [],
                "additional_pod_network_configs": [],
                "create_pod_range": false,
                "enable_private_nodes": false,
                "network_performance_config": [],
                "pod_cidr_overprovision_config": [],
                "pod_ipv4_cidr_block": "10.112.0.0/14",
                "pod_range": "gke-abdikani-cluster-pods-c5f32c76"
              }
            ],
            "node_config": [
              {
                "advanced_machine_features": [],
                "boot_disk_kms_key": "",
                "confidential_nodes": [],
                "containerd_config": [],
                "disk_size_gb": 30,
                "disk_type": "pd-balanced",
                "effective_taints": [],
                "enable_confidential_storage": false,
                "ephemeral_storage_local_ssd_config": [],
                "fast_socket": [],
                "gcfs_config": [],
                "guest_accelerator": [],
                "gvnic": [],
                "host_maintenance_policy": [],
                "image_type": "COS_CONTAINERD",
                "kubelet_config": [
                  {
                    "cpu_cfs_quota": false,
                    "cpu_cfs_quota_period": "",
                    "cpu_manager_policy": "",
                    "insecure_kubelet_readonly_port_enabled": "FALSE",
                    "pod_pids_limit": 0
                  }
                ],
                "labels": {},
                "linux_node_config": [],
                "local_nvme_ssd_block_config": [],
                "local_ssd_count": 0,
                "logging_variant": "DEFAULT",
                "machine_type": "e2-medium",
                "metadata": {
                  "disable-legacy-endpoints": "true"
                },
                "min_cpu_platform": "",
                "node_group": "",
                "oauth_scopes": [
                  "https://www.googleapis.com/auth/cloud-platform"
                ],
                "preemptible": false,
                "reservation_affinity": [],
                "resource_labels": {
                  "goog-gke-node-pool-provisioning-model": "on-demand"
                },
                "resource_manager_tags": null,
                "secondary_boot_disks": [],
                "service_account": "default",
                "shielded_instance_config": [
                  {
                    "enable_integrity_monitoring": true,
                    "enable_secure_boot": false
                  }
                ],
                "sole_tenant_config": [],
                "spot": false,
                "tags": null,
                "taint": [],
                "workload_metadata_config": [
                  {
                    "mode": "GKE_METADATA"
                  }
                ]
              }
            ],
            "node_count": 2,
            "node_locations": [
              "us-central1-a"
            ],
            "operation": null,
            "placement_policy": [],
            "project": "total-pillar-495011-r7",
            "queued_provisioning": [],
            "timeouts": null,
            "upgrade_settings": [
              {
                "blue_green_settings": [],
                "max_surge": 1,
                "max_unavailable": 0,
                "strategy": "SURGE"
              }
            ],
            "version": "1.35.3-gke.1234000"
          },
          "sensitive_attributes": [],
          "identity_schema_version": 0,
          "private": "eyJlMmJmYjczMC1lY2FhLTExZTYtOGY4OC0zNDM2M2JjN2M0YzAiOnsiY3JlYXRlIjoxODAwMDAwMDAwMDAwLCJkZWxldGUiOjE4MDAwMDAwMDAwMDAsInVwZGF0ZSI6MTgwMDAwMDAwMDAwMH0sInNjaGVtYV92ZXJzaW9uIjoiMSJ9",
          "dependencies": [
            "google_container_cluster.primary"
          ]
        }
      ]
    }
  ],
  "check_results": null
}
